// !$*UTF8*$!
{
	archiveVersion = 1;
	classes = {
	};
	objectVersion = 46;
	objects = {

/* Begin PBXBuildFile section */
		71AB22AB1B1FA39100FF52BF /* main.m in Sources */ = {isa = PBXBuildFile; fileRef = 71AB22AA1B1FA39100FF52BF /* main.m */; };
		71AB22AE1B1FA39100FF52BF /* AppDelegate.m in Sources */ = {isa = PBXBuildFile; fileRef = 71AB22AD1B1FA39100FF52BF /* AppDelegate.m */; };
		71AB22B11B1FA39100FF52BF /* MainVC.m in Sources */ = {isa = PBXBuildFile; fileRef = 71AB22B01B1FA39100FF52BF /* MainVC.m */; };
		71AB22B41B1FA39100FF52BF /* Main.storyboard in Resources */ = {isa = PBXBuildFile; fileRef = 71AB22B21B1FA39100FF52BF /* Main.storyboard */; };
		71AB22B61B1FA39100FF52BF /* Images.xcassets in Resources */ = {isa = PBXBuildFile; fileRef = 71AB22B51B1FA39100FF52BF /* Images.xcassets */; };
		71AB22B91B1FA39100FF52BF /* LaunchScreen.xib in Resources */ = {isa = PBXBuildFile; fileRef = 71AB22B71B1FA39100FF52BF /* LaunchScreen.xib */; };
		71AB22C51B1FA39100FF52BF /* KiPuzzleTests.m in Sources */ = {isa = PBXBuildFile; fileRef = 71AB22C41B1FA39100FF52BF /* KiPuzzleTests.m */; };
		71AB22EC1B27497F00FF52BF /* ImageCell.m in Sources */ = {isa = PBXBuildFile; fileRef = 71AB22EB1B27497F00FF52BF /* ImageCell.m */; };
		71AB22EF1B27B23900FF52BF /* HeaderView.m in Sources */ = {isa = PBXBuildFile; fileRef = 71AB22EE1B27B23900FF52BF /* HeaderView.m */; };
		FE982B901B23BEC2003A7B5C /* JigsawVC.m in Sources */ = {isa = PBXBuildFile; fileRef = FE982B891B23BEC2003A7B5C /* JigsawVC.m */; };
		FE982B911B23BEC2003A7B5C /* KonamiCodeRecognizer.m in Sources */ = {isa = PBXBuildFile; fileRef = FE982B8B1B23BEC2003A7B5C /* KonamiCodeRecognizer.m */; };
		FE982B921B23BEC2003A7B5C /* PuzzleManager.m in Sources */ = {isa = PBXBuildFile; fileRef = FE982B8D1B23BEC2003A7B5C /* PuzzleManager.m */; };
		FE982B931B23BEC2003A7B5C /* PuzzlePieceView.m in Sources */ = {isa = PBXBuildFile; fileRef = FE982B8F1B23BEC2003A7B5C /* PuzzlePieceView.m */; };
		FE982B9F1B23C281003A7B5C /* pieceGrab.caf in Resources */ = {isa = PBXBuildFile; fileRef = FE982B9A1B23C281003A7B5C /* pieceGrab.caf */; };
		FE982BA01B23C281003A7B5C /* pieceRelease.caf in Resources */ = {isa = PBXBuildFile; fileRef = FE982B9B1B23C281003A7B5C /* pieceRelease.caf */; };
		FE982BA11B23C281003A7B5C /* successPurchase.caf in Resources */ = {isa = PBXBuildFile; fileRef = FE982B9C1B23C281003A7B5C /* successPurchase.caf */; };
		FE982BA41B23CA07003A7B5C /* PZIjigsaw1.png in Resources */ = {isa = PBXBuildFile; fileRef = FE982BA21B23CA07003A7B5C /* PZIjigsaw1.png */; };
		FE982BA51B23CA07003A7B5C /* PZIpuzzle3.png in Resources */ = {isa = PBXBuildFile; fileRef = FE982BA31B23CA07003A7B5C /* PZIpuzzle3.png */; };
/* End PBXBuildFile section */

/* Begin PBXContainerItemProxy section */
		71AB22BF1B1FA39100FF52BF /* PBXContainerItemProxy */ = {
			isa = PBXContainerItemProxy;
			containerPortal = 71AB229D1B1FA39100FF52BF /* Project object */;
			proxyType = 1;
			remoteGlobalIDString = 71AB22A41B1FA39100FF52BF;
			remoteInfo = KiPuzzle;
		};
/* End PBXContainerItemProxy section */

/* Begin PBXFileReference section */
		71AB22A51B1FA39100FF52BF /* KiPuzzle.app */ = {isa = PBXFileReference; explicitFileType = wrapper.application; includeInIndex = 0; path = KiPuzzle.app; sourceTree = BUILT_PRODUCTS_DIR; };
		71AB22A91B1FA39100FF52BF /* Info.plist */ = {isa = PBXFileReference; lastKnownFileType = text.plist.xml; path = Info.plist; sourceTree = "<group>"; };
		71AB22AA1B1FA39100FF52BF /* main.m */ = {isa = PBXFileReference; lastKnownFileType = sourcecode.c.objc; path = main.m; sourceTree = "<group>"; };
		71AB22AC1B1FA39100FF52BF /* AppDelegate.h */ = {isa = PBXFileReference; lastKnownFileType = sourcecode.c.h; path = AppDelegate.h; sourceTree = "<group>"; };
		71AB22AD1B1FA39100FF52BF /* AppDelegate.m */ = {isa = PBXFileReference; lastKnownFileType = sourcecode.c.objc; path = AppDelegate.m; sourceTree = "<group>"; };
		71AB22AF1B1FA39100FF52BF /* MainVC.h */ = {isa = PBXFileReference; lastKnownFileType = sourcecode.c.h; path = MainVC.h; sourceTree = "<group>"; };
		71AB22B01B1FA39100FF52BF /* MainVC.m */ = {isa = PBXFileReference; lastKnownFileType = sourcecode.c.objc; path = MainVC.m; sourceTree = "<group>"; };
		71AB22B31B1FA39100FF52BF /* Base */ = {isa = PBXFileReference; lastKnownFileType = file.storyboard; name = Base; path = Base.lproj/Main.storyboard; sourceTree = "<group>"; };
		71AB22B51B1FA39100FF52BF /* Images.xcassets */ = {isa = PBXFileReference; lastKnownFileType = folder.assetcatalog; name = Images.xcassets; path = ../Images.xcassets; sourceTree = "<group>"; };
		71AB22B81B1FA39100FF52BF /* Base */ = {isa = PBXFileReference; lastKnownFileType = file.xib; name = Base; path = Base.lproj/LaunchScreen.xib; sourceTree = "<group>"; };
		71AB22BE1B1FA39100FF52BF /* KiPuzzleTests.xctest */ = {isa = PBXFileReference; explicitFileType = wrapper.cfbundle; includeInIndex = 0; path = KiPuzzleTests.xctest; sourceTree = BUILT_PRODUCTS_DIR; };
		71AB22C31B1FA39100FF52BF /* Info.plist */ = {isa = PBXFileReference; lastKnownFileType = text.plist.xml; path = Info.plist; sourceTree = "<group>"; };
		71AB22C41B1FA39100FF52BF /* KiPuzzleTests.m */ = {isa = PBXFileReference; lastKnownFileType = sourcecode.c.objc; path = KiPuzzleTests.m; sourceTree = "<group>"; };
		71AB22EA1B27497F00FF52BF /* ImageCell.h */ = {isa = PBXFileReference; fileEncoding = 4; lastKnownFileType = sourcecode.c.h; path = ImageCell.h; sourceTree = "<group>"; };
		71AB22EB1B27497F00FF52BF /* ImageCell.m */ = {isa = PBXFileReference; fileEncoding = 4; lastKnownFileType = sourcecode.c.objc; path = ImageCell.m; sourceTree = "<group>"; };
		71AB22ED1B27B23900FF52BF /* HeaderView.h */ = {isa = PBXFileReference; fileEncoding = 4; lastKnownFileType = sourcecode.c.h; path = HeaderView.h; sourceTree = "<group>"; };
		71AB22EE1B27B23900FF52BF /* HeaderView.m */ = {isa = PBXFileReference; fileEncoding = 4; lastKnownFileType = sourcecode.c.objc; path = HeaderView.m; sourceTree = "<group>"; };
		FE982B881B23BEC2003A7B5C /* JigsawVC.h */ = {isa = PBXFileReference; fileEncoding = 4; lastKnownFileType = sourcecode.c.h; path = JigsawVC.h; sourceTree = "<group>"; };
		FE982B891B23BEC2003A7B5C /* JigsawVC.m */ = {isa = PBXFileReference; fileEncoding = 4; lastKnownFileType = sourcecode.c.objc; path = JigsawVC.m; sourceTree = "<group>"; };
		FE982B8A1B23BEC2003A7B5C /* KonamiCodeRecognizer.h */ = {isa = PBXFileReference; fileEncoding = 4; lastKnownFileType = sourcecode.c.h; path = KonamiCodeRecognizer.h; sourceTree = "<group>"; };
		FE982B8B1B23BEC2003A7B5C /* KonamiCodeRecognizer.m */ = {isa = PBXFileReference; fileEncoding = 4; lastKnownFileType = sourcecode.c.objc; path = KonamiCodeRecognizer.m; sourceTree = "<group>"; };
		FE982B8C1B23BEC2003A7B5C /* PuzzleManager.h */ = {isa = PBXFileReference; fileEncoding = 4; lastKnownFileType = sourcecode.c.h; path = PuzzleManager.h; sourceTree = "<group>"; };
		FE982B8D1B23BEC2003A7B5C /* PuzzleManager.m */ = {isa = PBXFileReference; fileEncoding = 4; lastKnownFileType = sourcecode.c.objc; path = PuzzleManager.m; sourceTree = "<group>"; };
		FE982B8E1B23BEC2003A7B5C /* PuzzlePieceView.h */ = {isa = PBXFileReference; fileEncoding = 4; lastKnownFileType = sourcecode.c.h; path = PuzzlePieceView.h; sourceTree = "<group>"; };
		FE982B8F1B23BEC2003A7B5C /* PuzzlePieceView.m */ = {isa = PBXFileReference; fileEncoding = 4; lastKnownFileType = sourcecode.c.objc; path = PuzzlePieceView.m; sourceTree = "<group>"; };
		FE982B941B23C1C1003A7B5C /* SystemUtility.h */ = {isa = PBXFileReference; lastKnownFileType = sourcecode.c.h; path = SystemUtility.h; sourceTree = "<group>"; };
		FE982B9A1B23C281003A7B5C /* pieceGrab.caf */ = {isa = PBXFileReference; lastKnownFileType = file; path = pieceGrab.caf; sourceTree = "<group>"; };
		FE982B9B1B23C281003A7B5C /* pieceRelease.caf */ = {isa = PBXFileReference; lastKnownFileType = file; path = pieceRelease.caf; sourceTree = "<group>"; };
		FE982B9C1B23C281003A7B5C /* successPurchase.caf */ = {isa = PBXFileReference; lastKnownFileType = file; path = successPurchase.caf; sourceTree = "<group>"; };
		FE982BA21B23CA07003A7B5C /* PZIjigsaw1.png */ = {isa = PBXFileReference; lastKnownFileType = image.png; path = PZIjigsaw1.png; sourceTree = "<group>"; };
		FE982BA31B23CA07003A7B5C /* PZIpuzzle3.png */ = {isa = PBXFileReference; lastKnownFileType = image.png; path = PZIpuzzle3.png; sourceTree = "<group>"; };
/* End PBXFileReference section */

/* Begin PBXFrameworksBuildPhase section */
		71AB22A21B1FA39100FF52BF /* Frameworks */ = {
			isa = PBXFrameworksBuildPhase;
			buildActionMask = 2147483647;
			files = (
			);
			runOnlyForDeploymentPostprocessing = 0;
		};
		71AB22BB1B1FA39100FF52BF /* Frameworks */ = {
			isa = PBXFrameworksBuildPhase;
			buildActionMask = 2147483647;
			files = (
			);
			runOnlyForDeploymentPostprocessing = 0;
		};
/* End PBXFrameworksBuildPhase section */

/* Begin PBXGroup section */
		71AB229C1B1FA39100FF52BF = {
			isa = PBXGroup;
			children = (
				71AB22A71B1FA39100FF52BF /* KiPuzzle */,
				71AB22C11B1FA39100FF52BF /* KiPuzzleTests */,
				71AB22A61B1FA39100FF52BF /* Products */,
			);
			sourceTree = "<group>";
		};
		71AB22A61B1FA39100FF52BF /* Products */ = {
			isa = PBXGroup;
			children = (
				71AB22A51B1FA39100FF52BF /* KiPuzzle.app */,
				71AB22BE1B1FA39100FF52BF /* KiPuzzleTests.xctest */,
			);
			name = Products;
			sourceTree = "<group>";
		};
		71AB22A71B1FA39100FF52BF /* KiPuzzle */ = {
			isa = PBXGroup;
			children = (
				71AB22F01B27B24100FF52BF /* CollectionView */,
				71AB22E81B2748E000FF52BF /* Delegates */,
				71AB22E91B2748F500FF52BF /* PuzzleManager */,
				71AB22E71B2748D300FF52BF /* ViewControllers */,
				FE982B951B23C281003A7B5C /* resources */,
				71AB22A81B1FA39100FF52BF /* Supporting Files */,
			);
			path = KiPuzzle;
			sourceTree = "<group>";
		};
		71AB22A81B1FA39100FF52BF /* Supporting Files */ = {
			isa = PBXGroup;
			children = (
				FE982B941B23C1C1003A7B5C /* SystemUtility.h */,
				71AB22A91B1FA39100FF52BF /* Info.plist */,
				71AB22AA1B1FA39100FF52BF /* main.m */,
			);
			name = "Supporting Files";
			sourceTree = "<group>";
		};
		71AB22C11B1FA39100FF52BF /* KiPuzzleTests */ = {
			isa = PBXGroup;
			children = (
				71AB22C41B1FA39100FF52BF /* KiPuzzleTests.m */,
				71AB22C21B1FA39100FF52BF /* Supporting Files */,
			);
			path = KiPuzzleTests;
			sourceTree = "<group>";
		};
		71AB22C21B1FA39100FF52BF /* Supporting Files */ = {
			isa = PBXGroup;
			children = (
				71AB22C31B1FA39100FF52BF /* Info.plist */,
			);
			name = "Supporting Files";
			sourceTree = "<group>";
		};
		71AB22E71B2748D300FF52BF /* ViewControllers */ = {
			isa = PBXGroup;
			children = (
				FE982B881B23BEC2003A7B5C /* JigsawVC.h */,
				FE982B891B23BEC2003A7B5C /* JigsawVC.m */,
				71AB22AF1B1FA39100FF52BF /* MainVC.h */,
				71AB22B01B1FA39100FF52BF /* MainVC.m */,
			);
			name = ViewControllers;
			sourceTree = "<group>";
		};
		71AB22E81B2748E000FF52BF /* Delegates */ = {
			isa = PBXGroup;
			children = (
				71AB22AC1B1FA39100FF52BF /* AppDelegate.h */,
				71AB22AD1B1FA39100FF52BF /* AppDelegate.m */,
			);
			name = Delegates;
			sourceTree = "<group>";
		};
		71AB22E91B2748F500FF52BF /* PuzzleManager */ = {
			isa = PBXGroup;
			children = (
				FE982B8A1B23BEC2003A7B5C /* KonamiCodeRecognizer.h */,
				FE982B8B1B23BEC2003A7B5C /* KonamiCodeRecognizer.m */,
				FE982B8C1B23BEC2003A7B5C /* PuzzleManager.h */,
				FE982B8D1B23BEC2003A7B5C /* PuzzleManager.m */,
				FE982B8E1B23BEC2003A7B5C /* PuzzlePieceView.h */,
				FE982B8F1B23BEC2003A7B5C /* PuzzlePieceView.m */,
			);
			name = PuzzleManager;
			sourceTree = "<group>";
		};
		71AB22F01B27B24100FF52BF /* CollectionView */ = {
			isa = PBXGroup;
			children = (
				71AB22ED1B27B23900FF52BF /* HeaderView.h */,
				71AB22EE1B27B23900FF52BF /* HeaderView.m */,
				71AB22EA1B27497F00FF52BF /* ImageCell.h */,
				71AB22EB1B27497F00FF52BF /* ImageCell.m */,
			);
			name = CollectionView;
			sourceTree = "<group>";
		};
		FE982B951B23C281003A7B5C /* resources */ = {
			isa = PBXGroup;
			children = (
				71AB22B21B1FA39100FF52BF /* Main.storyboard */,
				71AB22B51B1FA39100FF52BF /* Images.xcassets */,
				71AB22B71B1FA39100FF52BF /* LaunchScreen.xib */,
				FE982B961B23C281003A7B5C /* puzzlesImages */,
				FE982B991B23C281003A7B5C /* sounds */,
			);
			path = resources;
			sourceTree = "<group>";
		};
		FE982B961B23C281003A7B5C /* puzzlesImages */ = {
			isa = PBXGroup;
			children = (
				FE982BA21B23CA07003A7B5C /* PZIjigsaw1.png */,
				FE982BA31B23CA07003A7B5C /* PZIpuzzle3.png */,
			);
			path = puzzlesImages;
			sourceTree = "<group>";
		};
		FE982B991B23C281003A7B5C /* sounds */ = {
			isa = PBXGroup;
			children = (
				FE982B9A1B23C281003A7B5C /* pieceGrab.caf */,
				FE982B9B1B23C281003A7B5C /* pieceRelease.caf */,
				FE982B9C1B23C281003A7B5C /* successPurchase.caf */,
			);
			path = sounds;
			sourceTree = "<group>";
		};
/* End PBXGroup section */

/* Begin PBXNativeTarget section */
		71AB22A41B1FA39100FF52BF /* KiPuzzle */ = {
			isa = PBXNativeTarget;
			buildConfigurationList = 71AB22C81B1FA39100FF52BF /* Build configuration list for PBXNativeTarget "KiPuzzle" */;
			buildPhases = (
				71AB22A11B1FA39100FF52BF /* Sources */,
				71AB22A21B1FA39100FF52BF /* Frameworks */,
				71AB22A31B1FA39100FF52BF /* Resources */,
			);
			buildRules = (
			);
			dependencies = (
			);
			name = KiPuzzle;
			productName = KiPuzzle;
			productReference = 71AB22A51B1FA39100FF52BF /* KiPuzzle.app */;
			productType = "com.apple.product-type.application";
		};
		71AB22BD1B1FA39100FF52BF /* KiPuzzleTests */ = {
			isa = PBXNativeTarget;
			buildConfigurationList = 71AB22CB1B1FA39100FF52BF /* Build configuration list for PBXNativeTarget "KiPuzzleTests" */;
			buildPhases = (
				71AB22BA1B1FA39100FF52BF /* Sources */,
				71AB22BB1B1FA39100FF52BF /* Frameworks */,
				71AB22BC1B1FA39100FF52BF /* Resources */,
			);
			buildRules = (
			);
			dependencies = (
				71AB22C01B1FA39100FF52BF /* PBXTargetDependency */,
			);
			name = KiPuzzleTests;
			productName = KiPuzzleTests;
			productReference = 71AB22BE1B1FA39100FF52BF /* KiPuzzleTests.xctest */;
			productType = "com.apple.product-type.bundle.unit-test";
		};
/* End PBXNativeTarget section */

/* Begin PBXProject section */
		71AB229D1B1FA39100FF52BF /* Project object */ = {
			isa = PBXProject;
			attributes = {
				LastUpgradeCheck = 0630;
				ORGANIZATIONNAME = "Caio Coan";
				TargetAttributes = {
					71AB22A41B1FA39100FF52BF = {
						CreatedOnToolsVersion = 6.3.2;
					};
					71AB22BD1B1FA39100FF52BF = {
						CreatedOnToolsVersion = 6.3.2;
						TestTargetID = 71AB22A41B1FA39100FF52BF;
					};
				};
			};
			buildConfigurationList = 71AB22A01B1FA39100FF52BF /* Build configuration list for PBXProject "KiPuzzle" */;
			compatibilityVersion = "Xcode 3.2";
			developmentRegion = English;
			hasScannedForEncodings = 0;
			knownRegions = (
				en,
				Base,
			);
			mainGroup = 71AB229C1B1FA39100FF52BF;
			productRefGroup = 71AB22A61B1FA39100FF52BF /* Products */;
			projectDirPath = "";
			projectRoot = "";
			targets = (
				71AB22A41B1FA39100FF52BF /* KiPuzzle */,
				71AB22BD1B1FA39100FF52BF /* KiPuzzleTests */,
			);
		};
/* End PBXProject section */

/* Begin PBXResourcesBuildPhase section */
		71AB22A31B1FA39100FF52BF /* Resources */ = {
			isa = PBXResourcesBuildPhase;
			buildActionMask = 2147483647;
			files = (
				FE982BA01B23C281003A7B5C /* pieceRelease.caf in Resources */,
				FE982BA51B23CA07003A7B5C /* PZIpuzzle3.png in Resources */,
				71AB22B41B1FA39100FF52BF /* Main.storyboard in Resources */,
				71AB22B91B1FA39100FF52BF /* LaunchScreen.xib in Resources */,
				71AB22B61B1FA39100FF52BF /* Images.xcassets in Resources */,
				FE982B9F1B23C281003A7B5C /* pieceGrab.caf in Resources */,
				FE982BA41B23CA07003A7B5C /* PZIjigsaw1.png in Resources */,
				FE982BA11B23C281003A7B5C /* successPurchase.caf in Resources */,
			);
			runOnlyForDeploymentPostprocessing = 0;
		};
		71AB22BC1B1FA39100FF52BF /* Resources */ = {
			isa = PBXResourcesBuildPhase;
			buildActionMask = 2147483647;
			files = (
			);
			runOnlyForDeploymentPostprocessing = 0;
		};
/* End PBXResourcesBuildPhase section */

/* Begin PBXSourcesBuildPhase section */
		71AB22A11B1FA39100FF52BF /* Sources */ = {
			isa = PBXSourcesBuildPhase;
			buildActionMask = 2147483647;
			files = (
				71AB22B11B1FA39100FF52BF /* MainVC.m in Sources */,
				71AB22EF1B27B23900FF52BF /* HeaderView.m in Sources */,
				71AB22EC1B27497F00FF52BF /* ImageCell.m in Sources */,
				FE982B911B23BEC2003A7B5C /* KonamiCodeRecognizer.m in Sources */,
				71AB22AE1B1FA39100FF52BF /* AppDelegate.m in Sources */,
				FE982B921B23BEC2003A7B5C /* PuzzleManager.m in Sources */,
				71AB22AB1B1FA39100FF52BF /* main.m in Sources */,
				FE982B931B23BEC2003A7B5C /* PuzzlePieceView.m in Sources */,
				FE982B901B23BEC2003A7B5C /* JigsawVC.m in Sources */,
			);
			runOnlyForDeploymentPostprocessing = 0;
		};
		71AB22BA1B1FA39100FF52BF /* Sources */ = {
			isa = PBXSourcesBuildPhase;
			buildActionMask = 2147483647;
			files = (
				71AB22C51B1FA39100FF52BF /* KiPuzzleTests.m in Sources */,
			);
			runOnlyForDeploymentPostprocessing = 0;
		};
/* End PBXSourcesBuildPhase section */

/* Begin PBXTargetDependency section */
		71AB22C01B1FA39100FF52BF /* PBXTargetDependency */ = {
			isa = PBXTargetDependency;
			target = 71AB22A41B1FA39100FF52BF /* KiPuzzle */;
			targetProxy = 71AB22BF1B1FA39100FF52BF /* PBXContainerItemProxy */;
		};
/* End PBXTargetDependency section */

/* Begin PBXVariantGroup section */
		71AB22B21B1FA39100FF52BF /* Main.storyboard */ = {
			isa = PBXVariantGroup;
			children = (
				71AB22B31B1FA39100FF52BF /* Base */,
			);
			name = Main.storyboard;
			path = ..;
			sourceTree = "<group>";
		};
		71AB22B71B1FA39100FF52BF /* LaunchScreen.xib */ = {
			isa = PBXVariantGroup;
			children = (
				71AB22B81B1FA39100FF52BF /* Base */,
			);
			name = LaunchScreen.xib;
			path = ..;
			sourceTree = "<group>";
		};
/* End PBXVariantGroup section */

/* Begin XCBuildConfiguration section */
		71AB22C61B1FA39100FF52BF /* Debug */ = {
			isa = XCBuildConfiguration;
			buildSettings = {
				ALWAYS_SEARCH_USER_PATHS = NO;
				CLANG_CXX_LANGUAGE_STANDARD = "gnu++0x";
				CLANG_CXX_LIBRARY = "libc++";
				CLANG_ENABLE_MODULES = YES;
				CLANG_ENABLE_OBJC_ARC = YES;
				CLANG_WARN_BOOL_CONVERSION = YES;
				CLANG_WARN_CONSTANT_CONVERSION = YES;
				CLANG_WARN_DIRECT_OBJC_ISA_USAGE = YES_ERROR;
				CLANG_WARN_EMPTY_BODY = YES;
				CLANG_WARN_ENUM_CONVERSION = YES;
				CLANG_WARN_INT_CONVERSION = YES;
				CLANG_WARN_OBJC_ROOT_CLASS = YES_ERROR;
				CLANG_WARN_UNREACHABLE_CODE = YES;
				CLANG_WARN__DUPLICATE_METHOD_MATCH = YES;
				"CODE_SIGN_IDENTITY[sdk=iphoneos*]" = "iPhone Developer";
				COPY_PHASE_STRIP = NO;
				DEBUG_INFORMATION_FORMAT = "dwarf-with-dsym";
				ENABLE_STRICT_OBJC_MSGSEND = YES;
				GCC_C_LANGUAGE_STANDARD = gnu99;
				GCC_DYNAMIC_NO_PIC = NO;
				GCC_NO_COMMON_BLOCKS = YES;
				GCC_OPTIMIZATION_LEVEL = 0;
				GCC_PREPROCESSOR_DEFINITIONS = (
					"DEBUG=1",
					"$(inherited)",
				);
				GCC_SYMBOLS_PRIVATE_EXTERN = NO;
				GCC_WARN_64_TO_32_BIT_CONVERSION = YES;
				GCC_WARN_ABOUT_RETURN_TYPE = YES_ERROR;
				GCC_WARN_UNDECLARED_SELECTOR = YES;
				GCC_WARN_UNINITIALIZED_AUTOS = YES_AGGRESSIVE;
				GCC_WARN_UNUSED_FUNCTION = YES;
				GCC_WARN_UNUSED_VARIABLE = YES;
				IPHONEOS_DEPLOYMENT_TARGET = 8.3;
				MTL_ENABLE_DEBUG_INFO = YES;
				ONLY_ACTIVE_ARCH = YES;
				SDKROOT = iphoneos;
				TARGETED_DEVICE_FAMILY = 2;
			};
			name = Debug;
		};
		71AB22C71B1FA39100FF52BF /* Release */ = {
			isa = XCBuildConfiguration;
			buildSettings = {
				ALWAYS_SEARCH_USER_PATHS = NO;
				CLANG_CXX_LANGUAGE_STANDARD = "gnu++0x";
				CLANG_CXX_LIBRARY = "libc++";
				CLANG_ENABLE_MODULES = YES;
				CLANG_ENABLE_OBJC_ARC = YES;
				CLANG_WARN_BOOL_CONVERSION = YES;
				CLANG_WARN_CONSTANT_CONVERSION = YES;
				CLANG_WARN_DIRECT_OBJC_ISA_USAGE = YES_ERROR;
				CLANG_WARN_EMPTY_BODY = YES;
				CLANG_WARN_ENUM_CONVERSION = YES;
				CLANG_WARN_INT_CONVERSION = YES;
				CLANG_WARN_OBJC_ROOT_CLASS = YES_ERROR;
				CLANG_WARN_UNREACHABLE_CODE = YES;
				CLANG_WARN__DUPLICATE_METHOD_MATCH = YES;
				"CODE_SIGN_IDENTITY[sdk=iphoneos*]" = "iPhone Developer";
				COPY_PHASE_STRIP = NO;
				DEBUG_INFORMATION_FORMAT = "dwarf-with-dsym";
				ENABLE_NS_ASSERTIONS = NO;
				ENABLE_STRICT_OBJC_MSGSEND = YES;
				GCC_C_LANGUAGE_STANDARD = gnu99;
				GCC_NO_COMMON_BLOCKS = YES;
				GCC_WARN_64_TO_32_BIT_CONVERSION = YES;
				GCC_WARN_ABOUT_RETURN_TYPE = YES_ERROR;
				GCC_WARN_UNDECLARED_SELECTOR = YES;
				GCC_WARN_UNINITIALIZED_AUTOS = YES_AGGRESSIVE;
				GCC_WARN_UNUSED_FUNCTION = YES;
				GCC_WARN_UNUSED_VARIABLE = YES;
				IPHONEOS_DEPLOYMENT_TARGET = 8.3;
				MTL_ENABLE_DEBUG_INFO = NO;
				SDKROOT = iphoneos;
				TARGETED_DEVICE_FAMILY = 2;
				VALIDATE_PRODUCT = YES;
			};
			name = Release;
		};
		71AB22C91B1FA39100FF52BF /* Debug */ = {
			isa = XCBuildConfiguration;
			buildSettings = {
				ASSETCATALOG_COMPILER_APPICON_NAME = AppIcon;
				INFOPLIST_FILE = KiPuzzle/Info.plist;
				IPHONEOS_DEPLOYMENT_TARGET = 8.0;
				LD_RUNPATH_SEARCH_PATHS = "$(inherited) @executable_path/Frameworks";
				PRODUCT_NAME = "$(TARGET_NAME)";
			};
			name = Debug;
		};
		71AB22CA1B1FA39100FF52BF /* Release */ = {
			isa = XCBuildConfiguration;
			buildSettings = {
				ASSETCATALOG_COMPILER_APPICON_NAME = AppIcon;
				INFOPLIST_FILE = KiPuzzle/Info.plist;
				IPHONEOS_DEPLOYMENT_TARGET = 8.0;
				LD_RUNPATH_SEARCH_PATHS = "$(inherited) @executable_path/Frameworks";
				PRODUCT_NAME = "$(TARGET_NAME)";
			};
			name = Release;
		};
		71AB22CC1B1FA39100FF52BF /* Debug */ = {
			isa = XCBuildConfiguration;
			buildSettings = {
				BUNDLE_LOADER = "$(TEST_HOST)";
				FRAMEWORK_SEARCH_PATHS = (
					"$(SDKROOT)/Developer/Library/Frameworks",
					"$(inherited)",
				);
				GCC_PREPROCESSOR_DEFINITIONS = (
					"DEBUG=1",
					"$(inherited)",
				);
				INFOPLIST_FILE = KiPuzzleTests/Info.plist;
				LD_RUNPATH_SEARCH_PATHS = "$(inherited) @executable_path/Frameworks @loader_path/Frameworks";
				PRODUCT_NAME = "$(TARGET_NAME)";
				TEST_HOST = "$(BUILT_PRODUCTS_DIR)/KiPuzzle.app/KiPuzzle";
			};
			name = Debug;
		};
		71AB22CD1B1FA39100FF52BF /* Release */ = {
			isa = XCBuildConfiguration;
			buildSettings = {
				BUNDLE_LOADER = "$(TEST_HOST)";
				FRAMEWORK_SEARCH_PATHS = (
					"$(SDKROOT)/Developer/Library/Frameworks",
					"$(inherited)",
				);
				INFOPLIST_FILE = KiPuzzleTests/Info.plist;
				LD_RUNPATH_SEARCH_PATHS = "$(inherited) @executable_path/Frameworks @loader_path/Frameworks";
				PRODUCT_NAME = "$(TARGET_NAME)";
				TEST_HOST = "$(BUILT_PRODUCTS_DIR)/KiPuzzle.app/KiPuzzle";
			};
			name = Release;
		};
/* End XCBuildConfiguration section */

/* Begin XCConfigurationList section */
		71AB22A01B1FA39100FF52BF /* Build configuration list for PBXProject "KiPuzzle" */ = {
			isa = XCConfigurationList;
			buildConfigurations = (
				71AB22C61B1FA39100FF52BF /* Debug */,
				71AB22C71B1FA39100FF52BF /* Release */,
			);
			defaultConfigurationIsVisible = 0;
			defaultConfigurationName = Release;
		};
		71AB22C81B1FA39100FF52BF /* Build configuration list for PBXNativeTarget "KiPuzzle" */ = {
			isa = XCConfigurationList;
			buildConfigurations = (
				71AB22C91B1FA39100FF52BF /* Debug */,
				71AB22CA1B1FA39100FF52BF /* Release */,
			);
			defaultConfigurationIsVisible = 0;
			defaultConfigurationName = Release;
		};
		71AB22CB1B1FA39100FF52BF /* Build configuration list for PBXNativeTarget "KiPuzzleTests" */ = {
			isa = XCConfigurationList;
			buildConfigurations = (
				71AB22CC1B1FA39100FF52BF /* Debug */,
				71AB22CD1B1FA39100FF52BF /* Release */,
			);
			defaultConfigurationIsVisible = 0;
			defaultConfigurationName = Release;
		};
/* End XCConfigurationList section */
	};
	rootObject = 71AB229D1B1FA39100FF52BF /* Project object */;
}
